// !$*UTF8*$!
{
	archiveVersion = 1;
	classes = {
	};
	objectVersion = 46;
	objects = {

/* Begin PBXBuildFile section */
		B572F5D21C753CC400E9D5D3 /* main.m in Sources */ = {isa = PBXBuildFile; fileRef = B572F5D11C753CC400E9D5D3 /* main.m */; };
		B572F5D51C753CC400E9D5D3 /* AppDelegate.m in Sources */ = {isa = PBXBuildFile; fileRef = B572F5D41C753CC400E9D5D3 /* AppDelegate.m */; };
		B572F5D81C753CC400E9D5D3 /* ViewController.m in Sources */ = {isa = PBXBuildFile; fileRef = B572F5D71C753CC400E9D5D3 /* ViewController.m */; };
		B572F5DB1C753CC400E9D5D3 /* Main.storyboard in Resources */ = {isa = PBXBuildFile; fileRef = B572F5D91C753CC400E9D5D3 /* Main.storyboard */; };
		B572F5DD1C753CC400E9D5D3 /* Assets.xcassets in Resources */ = {isa = PBXBuildFile; fileRef = B572F5DC1C753CC400E9D5D3 /* Assets.xcassets */; };
		B572F5E01C753CC400E9D5D3 /* LaunchScreen.storyboard in Resources */ = {isa = PBXBuildFile; fileRef = B572F5DE1C753CC400E9D5D3 /* LaunchScreen.storyboard */; };
/* End PBXBuildFile section */

/* Begin PBXFileReference section */
		B572F5CD1C753CC400E9D5D3 /* IOSClubProject.app */ = {isa = PBXFileReference; explicitFileType = wrapper.application; includeInIndex = 0; path = IOSClubProject.app; sourceTree = BUILT_PRODUCTS_DIR; };
		B572F5D11C753CC400E9D5D3 /* main.m */ = {isa = PBXFileReference; lastKnownFileType = sourcecode.c.objc; path = main.m; sourceTree = "<group>"; };
		B572F5D31C753CC400E9D5D3 /* AppDelegate.h */ = {isa = PBXFileReference; lastKnownFileType = sourcecode.c.h; path = AppDelegate.h; sourceTree = "<group>"; };
		B572F5D41C753CC400E9D5D3 /* AppDelegate.m */ = {isa = PBXFileReference; lastKnownFileType = sourcecode.c.objc; path = AppDelegate.m; sourceTree = "<group>"; };
		B572F5D61C753CC400E9D5D3 /* ViewController.h */ = {isa = PBXFileReference; lastKnownFileType = sourcecode.c.h; path = ViewController.h; sourceTree = "<group>"; };
		B572F5D71C753CC400E9D5D3 /* ViewController.m */ = {isa = PBXFileReference; lastKnownFileType = sourcecode.c.objc; path = ViewController.m; sourceTree = "<group>"; };
		B572F5DA1C753CC400E9D5D3 /* Base */ = {isa = PBXFileReference; lastKnownFileType = file.storyboard; name = Base; path = Base.lproj/Main.storyboard; sourceTree = "<group>"; };
		B572F5DC1C753CC400E9D5D3 /* Assets.xcassets */ = {isa = PBXFileReference; lastKnownFileType = folder.assetcatalog; path = Assets.xcassets; sourceTree = "<group>"; };
		B572F5DF1C753CC400E9D5D3 /* Base */ = {isa = PBXFileReference; lastKnownFileType = file.storyboard; name = Base; path = Base.lproj/LaunchScreen.storyboard; sourceTree = "<group>"; };
		B572F5E11C753CC400E9D5D3 /* Info.plist */ = {isa = PBXFileReference; lastKnownFileType = text.plist.xml; path = Info.plist; sourceTree = "<group>"; };
/* End PBXFileReference section */

/* Begin PBXFrameworksBuildPhase section */
		B572F5CA1C753CC400E9D5D3 /* Frameworks */ = {
			isa = PBXFrameworksBuildPhase;
			buildActionMask = 2147483647;
			files = (
			);
			runOnlyForDeploymentPostprocessing = 0;
		};
/* End PBXFrameworksBuildPhase section */

/* Begin PBXGroup section */
		B572F5C41C753CC400E9D5D3 = {
			isa = PBXGroup;
			children = (
				B572F5CF1C753CC400E9D5D3 /* IOSClubProject */,
				B572F5CE1C753CC400E9D5D3 /* Products */,
			);
			sourceTree = "<group>";
		};
		B572F5CE1C753CC400E9D5D3 /* Products */ = {
			isa = PBXGroup;
			children = (
				B572F5CD1C753CC400E9D5D3 /* IOSClubProject.app */,
			);
			name = Products;
			sourceTree = "<group>";
		};
		B572F5CF1C753CC400E9D5D3 /* IOSClubProject */ = {
			isa = PBXGroup;
			children = (
				B572F5D31C753CC400E9D5D3 /* AppDelegate.h */,
				B572F5D41C753CC400E9D5D3 /* AppDelegate.m */,
				B572F5D61C753CC400E9D5D3 /* ViewController.h */,
				B572F5D71C753CC400E9D5D3 /* ViewController.m */,
				B572F5D91C753CC400E9D5D3 /* Main.storyboard */,
				B572F5DC1C753CC400E9D5D3 /* Assets.xcassets */,
				B572F5DE1C753CC400E9D5D3 /* LaunchScreen.storyboard */,
				B572F5E11C753CC400E9D5D3 /* Info.plist */,
				B572F5D01C753CC400E9D5D3 /* Supporting Files */,
			);
			path = IOSClubProject;
			sourceTree = "<group>";
		};
		B572F5D01C753CC400E9D5D3 /* Supporting Files */ = {
			isa = PBXGroup;
			children = (
				B572F5D11C753CC400E9D5D3 /* main.m */,
			);
			name = "Supporting Files";
			sourceTree = "<group>";
		};
/* End PBXGroup section */

/* Begin PBXNativeTarget section */
		B572F5CC1C753CC400E9D5D3 /* IOSClubProject */ = {
			isa = PBXNativeTarget;
			buildConfigurationList = B572F5E41C753CC400E9D5D3 /* Build configuration list for PBXNativeTarget "IOSClubProject" */;
			buildPhases = (
				B572F5C91C753CC400E9D5D3 /* Sources */,
				B572F5CA1C753CC400E9D5D3 /* Frameworks */,
				B572F5CB1C753CC400E9D5D3 /* Resources */,
			);
			buildRules = (
			);
			dependencies = (
			);
			name = IOSClubProject;
			productName = IOSClubProject;
			productReference = B572F5CD1C753CC400E9D5D3 /* IOSClubProject.app */;
			productType = "com.apple.product-type.application";
		};
/* End PBXNativeTarget section */

/* Begin PBXProject section */
		B572F5C51C753CC400E9D5D3 /* Project object */ = {
			isa = PBXProject;
			attributes = {
				LastUpgradeCheck = 0720;
				ORGANIZATIONNAME = "Chloe Cooper";
				TargetAttributes = {
					B572F5CC1C753CC400E9D5D3 = {
						CreatedOnToolsVersion = 7.2.1;
					};
				};
			};
			buildConfigurationList = B572F5C81C753CC400E9D5D3 /* Build configuration list for PBXProject "IOSClubProject" */;
			compatibilityVersion = "Xcode 3.2";
			developmentRegion = English;
			hasScannedForEncodings = 0;
			knownRegions = (
				en,
				Base,
			);
			mainGroup = B572F5C41C753CC400E9D5D3;
			productRefGroup = B572F5CE1C753CC400E9D5D3 /* Products */;
			projectDirPath = "";
			projectRoot = "";
			targets = (
				B572F5CC1C753CC400E9D5D3 /* IOSClubProject */,
			);
		};
/* End PBXProject section */

/* Begin PBXResourcesBuildPhase section */
		B572F5CB1C753CC400E9D5D3 /* Resources */ = {
			isa = PBXResourcesBuildPhase;
			buildActionMask = 2147483647;
			files = (
				B572F5E01C753CC400E9D5D3 /* LaunchScreen.storyboard in Resources */,
				B572F5DD1C753CC400E9D5D3 /* Assets.xcassets in Resources */,
				B572F5DB1C753CC400E9D5D3 /* Main.storyboard in Resources */,
			);
			runOnlyForDeploymentPostprocessing = 0;
		};
/* End PBXResourcesBuildPhase section */

/* Begin PBXSourcesBuildPhase section */
		B572F5C91C753CC400E9D5D3 /* Sources */ = {
			isa = PBXSourcesBuildPhase;
			buildActionMask = 2147483647;
			files = (
				B572F5D81C753CC400E9D5D3 /* ViewController.m in Sources */,
				B572F5D51C753CC400E9D5D3 /* AppDelegate.m in Sources */,
				B572F5D21C753CC400E9D5D3 /* main.m in Sources */,
			);
			runOnlyForDeploymentPostprocessing = 0;
		};
/* End PBXSourcesBuildPhase section */

/* Begin PBXVariantGroup section */
		B572F5D91C753CC400E9D5D3 /* Main.storyboard */ = {
			isa = PBXVariantGroup;
			children = (
				B572F5DA1C753CC400E9D5D3 /* Base */,
			);
			name = Main.storyboard;
			sourceTree = "<group>";
		};
		B572F5DE1C753CC400E9D5D3 /* LaunchScreen.storyboard */ = {
			isa = PBXVariantGroup;
			children = (
				B572F5DF1C753CC400E9D5D3 /* Base */,
			);
			name = LaunchScreen.storyboard;
			sourceTree = "<group>";
		};
/* End PBXVariantGroup section */

/* Begin XCBuildConfiguration section */
		B572F5E21C753CC400E9D5D3 /* Debug */ = {
			isa = XCBuildConfiguration;
			buildSettings = {
				ALWAYS_SEARCH_USER_PATHS = NO;
				CLANG_CXX_LANGUAGE_STANDARD = "gnu++0x";
				CLANG_CXX_LIBRARY = "libc++";
				CLANG_ENABLE_MODULES = YES;
				CLANG_ENABLE_OBJC_ARC = YES;
				CLANG_WARN_BOOL_CONVERSION = YES;
				CLANG_WARN_CONSTANT_CONVERSION = YES;
				CLANG_WARN_DIRECT_OBJC_ISA_USAGE = YES_ERROR;
				CLANG_WARN_EMPTY_BODY = YES;
				CLANG_WARN_ENUM_CONVERSION = YES;
				CLANG_WARN_INT_CONVERSION = YES;
				CLANG_WARN_OBJC_ROOT_CLASS = YES_ERROR;
				CLANG_WARN_UNREACHABLE_CODE = YES;
				CLANG_WARN__DUPLICATE_METHOD_MATCH = YES;
				"CODE_SIGN_IDENTITY[sdk=iphoneos*]" = "iPhone Developer";
				COPY_PHASE_STRIP = NO;
				DEBUG_INFORMATION_FORMAT = dwarf;
				ENABLE_STRICT_OBJC_MSGSEND = YES;
				ENABLE_TESTABILITY = YES;
				GCC_C_LANGUAGE_STANDARD = gnu99;
				GCC_DYNAMIC_NO_PIC = NO;
				GCC_NO_COMMON_BLOCKS = YES;
				GCC_OPTIMIZATION_LEVEL = 0;
				GCC_PREPROCESSOR_DEFINITIONS = (
					"DEBUG=1",
					"$(inherited)",
				);
				GCC_WARN_64_TO_32_BIT_CONVERSION = YES;
				GCC_WARN_ABOUT_RETURN_TYPE = YES_ERROR;
				GCC_WARN_UNDECLARED_SELECTOR = YES;
				GCC_WARN_UNINITIALIZED_AUTOS = YES_AGGRESSIVE;
				GCC_WARN_UNUSED_FUNCTION = YES;
				GCC_WARN_UNUSED_VARIABLE = YES;
				IPHONEOS_DEPLOYMENT_TARGET = 9.2;
				MTL_ENABLE_DEBUG_INFO = YES;
				ONLY_ACTIVE_ARCH = YES;
				SDKROOT = iphoneos;
				TARGETED_DEVICE_FAMILY = "1,2";
			};
			name = Debug;
		};
		B572F5E31C753CC400E9D5D3 /* Release */ = {
			isa = XCBuildConfiguration;
			buildSettings = {
				ALWAYS_SEARCH_USER_PATHS = NO;
				CLANG_CXX_LANGUAGE_STANDARD = "gnu++0x";
				CLANG_CXX_LIBRARY = "libc++";
				CLANG_ENABLE_MODULES = YES;
				CLANG_ENABLE_OBJC_ARC = YES;
				CLANG_WARN_BOOL_CONVERSION = YES;
				CLANG_WARN_CONSTANT_CONVERSION = YES;
				CLANG_WARN_DIRECT_OBJC_ISA_USAGE = YES_ERROR;
				CLANG_WARN_EMPTY_BODY = YES;
				CLANG_WARN_ENUM_CONVERSION = YES;
				CLANG_WARN_INT_CONVERSION = YES;
				CLANG_WARN_OBJC_ROOT_CLASS = YES_ERROR;
				CLANG_WARN_UNREACHABLE_CODE = YES;
				CLANG_WARN__DUPLICATE_METHOD_MATCH = YES;
				"CODE_SIGN_IDENTITY[sdk=iphoneos*]" = "iPhone Developer";
				COPY_PHASE_STRIP = NO;
				DEBUG_INFORMATION_FORMAT = "dwarf-with-dsym";
				ENABLE_NS_ASSERTIONS = NO;
				ENABLE_STRICT_OBJC_MSGSEND = YES;
				GCC_C_LANGUAGE_STANDARD = gnu99;
				GCC_NO_COMMON_BLOCKS = YES;
				GCC_WARN_64_TO_32_BIT_CONVERSION = YES;
				GCC_WARN_ABOUT_RETURN_TYPE = YES_ERROR;
				GCC_WARN_UNDECLARED_SELECTOR = YES;
				GCC_WARN_UNINITIALIZED_AUTOS = YES_AGGRESSIVE;
				GCC_WARN_UNUSED_FUNCTION = YES;
				GCC_WARN_UNUSED_VARIABLE = YES;
				IPHONEOS_DEPLOYMENT_TARGET = 9.2;
				MTL_ENABLE_DEBUG_INFO = NO;
				SDKROOT = iphoneos;
				TARGETED_DEVICE_FAMILY = "1,2";
				VALIDATE_PRODUCT = YES;
			};
			name = Release;
		};
		B572F5E51C753CC400E9D5D3 /* Debug */ = {
			isa = XCBuildConfiguration;
			buildSettings = {
				ASSETCATALOG_COMPILER_APPICON_NAME = AppIcon;
				INFOPLIST_FILE = IOSClubProject/Info.plist;
				LD_RUNPATH_SEARCH_PATHS = "$(inherited) @executable_path/Frameworks";
				PRODUCT_BUNDLE_IDENTIFIER = CC.IOSClubProject;
				PRODUCT_NAME = "$(TARGET_NAME)";
			};
			name = Debug;
		};
		B572F5E61C753CC400E9D5D3 /* Release */ = {
			isa = XCBuildConfiguration;
			buildSettings = {
				ASSETCATALOG_COMPILER_APPICON_NAME = AppIcon;
				INFOPLIST_FILE = IOSClubProject/Info.plist;
				LD_RUNPATH_SEARCH_PATHS = "$(inherited) @executable_path/Frameworks";
				PRODUCT_BUNDLE_IDENTIFIER = CC.IOSClubProject;
				PRODUCT_NAME = "$(TARGET_NAME)";
			};
			name = Release;
		};
/* End XCBuildConfiguration section */

/* Begin XCConfigurationList section */
		B572F5C81C753CC400E9D5D3 /* Build configuration list for PBXProject "IOSClubProject" */ = {
			isa = XCConfigurationList;
			buildConfigurations = (
				B572F5E21C753CC400E9D5D3 /* Debug */,
				B572F5E31C753CC400E9D5D3 /* Release */,
			);
			defaultConfigurationIsVisible = 0;
			defaultConfigurationName = Release;
		};
		B572F5E41C753CC400E9D5D3 /* Build configuration list for PBXNativeTarget "IOSClubProject" */ = {
			isa = XCConfigurationList;
			buildConfigurations = (
				B572F5E51C753CC400E9D5D3 /* Debug */,
				B572F5E61C753CC400E9D5D3 /* Release */,
			);
			defaultConfigurationIsVisible = 0;
		};
/* End XCConfigurationList section */
	};
	rootObject = B572F5C51C753CC400E9D5D3 /* Project object */;
}
